
Microsoft Visual Studio Solution File, Format Version 12.00
# Visual Studio Version 16
VisualStudioVersion = 16.0.30523.141
MinimumVisualStudioVersion = 10.0.40219.1
Project("{FAE04EC0-301F-11D3-BF4B-00C04F79EFBC}") = "LicenseManager", "LicenseManager.csproj", "{B9265FD0-074B-4C37-8420-2C9802C6DAFE}"
EndProject
Global
	GlobalSection(SolutionConfigurationPlatforms) = preSolution
		Debug|Any CPU = Debug|Any CPU
		Release|Any CPU = Release|Any CPU
	EndGlobalSection
	GlobalSection(ProjectConfigurationPlatforms) = postSolution
		{B9265FD0-074B-4C37-8420-2C9802C6DAFE}.Debug|Any CPU.ActiveCfg = Debug|Any CPU
		{B9265FD0-074B-4C37-8420-2C9802C6DAFE}.Debug|Any CPU.Build.0 = Debug|Any CPU
		{B9265FD0-074B-4C37-8420-2C9802C6DAFE}.Release|Any CPU.ActiveCfg = Release|Any CPU
		{B9265FD0-074B-4C37-8420-2C9802C6DAFE}.Release|Any CPU.Build.0 = Release|Any CPU
	EndGlobalSection
	GlobalSection(SolutionProperties) = preSolution
		HideSolutionNode = FALSE
	EndGlobalSection
	GlobalSection(ExtensibilityGlobals) = postSolution
		SolutionGuid = {5E1DBB5E-7A31-4C38-9970-0E6BA385DB9A}
	EndGlobalSection
EndGlobal
